
Microsoft Visual Studio Solution File, Format Version 12.00
# Visual Studio Version 17
VisualStudioVersion = 17.6.33815.320
MinimumVisualStudioVersion = 10.0.40219.1
Project("{8BC9CEB8-8B4A-11D0-8D11-00A0C91BC942}") = "tenthHomework", "tenthHomework\tenthHomework.vcxproj", "{AC470F91-5296-4D2E-A125-7118C2EAC74D}"
EndProject
Global
	GlobalSection(SolutionConfigurationPlatforms) = preSolution
		Debug|x64 = Debug|x64
		Debug|x86 = Debug|x86
		Release|x64 = Release|x64
		Release|x86 = Release|x86
	EndGlobalSection
	GlobalSection(ProjectConfigurationPlatforms) = postSolution
		{AC470F91-5296-4D2E-A125-7118C2EAC74D}.Debug|x64.ActiveCfg = Debug|x64
		{AC470F91-5296-4D2E-A125-7118C2EAC74D}.Debug|x64.Build.0 = Debug|x64
		{AC470F91-5296-4D2E-A125-7118C2EAC74D}.Debug|x86.ActiveCfg = Debug|Win32
		{AC470F91-5296-4D2E-A125-7118C2EAC74D}.Debug|x86.Build.0 = Debug|Win32
		{AC470F91-5296-4D2E-A125-7118C2EAC74D}.Release|x64.ActiveCfg = Release|x64
		{AC470F91-5296-4D2E-A125-7118C2EAC74D}.Release|x64.Build.0 = Release|x64
		{AC470F91-5296-4D2E-A125-7118C2EAC74D}.Release|x86.ActiveCfg = Release|Win32
		{AC470F91-5296-4D2E-A125-7118C2EAC74D}.Release|x86.Build.0 = Release|Win32
	EndGlobalSection
	GlobalSection(SolutionProperties) = preSolution
		HideSolutionNode = FALSE
	EndGlobalSection
	GlobalSection(ExtensibilityGlobals) = postSolution
		SolutionGuid = {1CCC7556-76CA-45DE-9B35-930818D7F5B0}
	EndGlobalSection
EndGlobal
