
Microsoft Visual Studio Solution File, Format Version 12.00
# Visual Studio Version 17
VisualStudioVersion = 17.6.33815.320
MinimumVisualStudioVersion = 10.0.40219.1
Project("{8BC9CEB8-8B4A-11D0-8D11-00A0C91BC942}") = "week10", "week10\week10.vcxproj", "{AD019E53-466A-44CA-97F4-A293B9C6B3FB}"
EndProject
Global
	GlobalSection(SolutionConfigurationPlatforms) = preSolution
		Debug|x64 = Debug|x64
		Debug|x86 = Debug|x86
		Release|x64 = Release|x64
		Release|x86 = Release|x86
	EndGlobalSection
	GlobalSection(ProjectConfigurationPlatforms) = postSolution
		{AD019E53-466A-44CA-97F4-A293B9C6B3FB}.Debug|x64.ActiveCfg = Debug|x64
		{AD019E53-466A-44CA-97F4-A293B9C6B3FB}.Debug|x64.Build.0 = Debug|x64
		{AD019E53-466A-44CA-97F4-A293B9C6B3FB}.Debug|x86.ActiveCfg = Debug|Win32
		{AD019E53-466A-44CA-97F4-A293B9C6B3FB}.Debug|x86.Build.0 = Debug|Win32
		{AD019E53-466A-44CA-97F4-A293B9C6B3FB}.Release|x64.ActiveCfg = Release|x64
		{AD019E53-466A-44CA-97F4-A293B9C6B3FB}.Release|x64.Build.0 = Release|x64
		{AD019E53-466A-44CA-97F4-A293B9C6B3FB}.Release|x86.ActiveCfg = Release|Win32
		{AD019E53-466A-44CA-97F4-A293B9C6B3FB}.Release|x86.Build.0 = Release|Win32
	EndGlobalSection
	GlobalSection(SolutionProperties) = preSolution
		HideSolutionNode = FALSE
	EndGlobalSection
	GlobalSection(ExtensibilityGlobals) = postSolution
		SolutionGuid = {2A33FC24-7384-49AC-BC64-2B28F82AB971}
	EndGlobalSection
EndGlobal
